
Microsoft Visual Studio Solution File, Format Version 12.00
# Visual Studio Version 17
VisualStudioVersion = 17.0.31903.59
MinimumVisualStudioVersion = 10.0.40219.1
Project("{2150E333-8FDC-42A3-9474-1A3956D46DE8}") = "src", "src", "{2A28D061-A36A-4AC3-A6B9-26D8248F3185}"
EndProject
Project("{FAE04EC0-301F-11D3-BF4B-00C04F79EFBC}") = "DeliveryOrderApp", "src\DeliveryOrderApp\DeliveryOrderApp.csproj", "{D1CC37EC-6E2E-4CE0-B231-516A773D445E}"
EndProject
Project("{2150E333-8FDC-42A3-9474-1A3956D46DE8}") = "tests", "tests", "{781511D0-ED1E-4E81-BDCD-17629168A08B}"
EndProject
Project("{FAE04EC0-301F-11D3-BF4B-00C04F79EFBC}") = "DeliveryOrderApp.Tests", "tests\DeliveryOrderApp.Tests\DeliveryOrderApp.Tests.csproj", "{F0B2C97C-B741-471D-A46D-48054D974BA8}"
EndProject
Global
	GlobalSection(SolutionConfigurationPlatforms) = preSolution
		Debug|Any CPU = Debug|Any CPU
		Release|Any CPU = Release|Any CPU
	EndGlobalSection
	GlobalSection(SolutionProperties) = preSolution
		HideSolutionNode = FALSE
	EndGlobalSection
	GlobalSection(ProjectConfigurationPlatforms) = postSolution
		{D1CC37EC-6E2E-4CE0-B231-516A773D445E}.Debug|Any CPU.ActiveCfg = Debug|Any CPU
		{D1CC37EC-6E2E-4CE0-B231-516A773D445E}.Debug|Any CPU.Build.0 = Debug|Any CPU
		{D1CC37EC-6E2E-4CE0-B231-516A773D445E}.Release|Any CPU.ActiveCfg = Release|Any CPU
		{D1CC37EC-6E2E-4CE0-B231-516A773D445E}.Release|Any CPU.Build.0 = Release|Any CPU
		{F0B2C97C-B741-471D-A46D-48054D974BA8}.Debug|Any CPU.ActiveCfg = Debug|Any CPU
		{F0B2C97C-B741-471D-A46D-48054D974BA8}.Debug|Any CPU.Build.0 = Debug|Any CPU
		{F0B2C97C-B741-471D-A46D-48054D974BA8}.Release|Any CPU.ActiveCfg = Release|Any CPU
		{F0B2C97C-B741-471D-A46D-48054D974BA8}.Release|Any CPU.Build.0 = Release|Any CPU
	EndGlobalSection
	GlobalSection(NestedProjects) = preSolution
		{D1CC37EC-6E2E-4CE0-B231-516A773D445E} = {2A28D061-A36A-4AC3-A6B9-26D8248F3185}
		{F0B2C97C-B741-471D-A46D-48054D974BA8} = {781511D0-ED1E-4E81-BDCD-17629168A08B}
	EndGlobalSection
EndGlobal
